<?xml version="1.0" encoding="utf-8"?>
<Project ToolsVersion="4.0" xmlns="http://schemas.microsoft.com/developer/msbuild/2003">
  <ItemGroup>
    <Filter Include="Source Files">
      <UniqueIdentifier>{62407417-fcc2-47f2-ba0a-8c42a27c5c70}</UniqueIdentifier>
      <Extensions>cpp;c;cxx;rc;def;r;odl;idl;hpj;bat</Extensions>
    </Filter>
    <Filter Include="Header Files">
      <UniqueIdentifier>{347841c3-f327-417e-a1db-6e30e7ddce13}</UniqueIdentifier>
      <Extensions>h;hpp;hxx;hm;inl</Extensions>
    </Filter>
    <Filter Include="Resource Files">
      <UniqueIdentifier>{7cb87202-c4f8-405f-9a3a-5d80e80b23cf}</UniqueIdentifier>
      <Extensions>ico;cur;bmp;dlg;rc2;rct;bin;rgs;gif;jpg;jpeg;jpe</Extensions>
    </Filter>
  </ItemGroup>
  <ItemGroup>
    <ClCompile Include="FLCStyleParser.cpp">
      <Filter>Source Files</Filter>
    </ClCompile>
    <ClCompile Include="FLCStyleScript.cpp">
      <Filter>Source Files</Filter>
    </ClCompile>
    <ClCompile Include="NpcScript.cpp">
      <Filter>Source Files</Filter>
    </ClCompile>
    <ClCompile Include="NPCScript_NPC.cpp">
      <Filter>Source Files</Filter>
    </ClCompile>
    <ClCompile Include="NpcScriptHelper.cpp">
      <Filter>Source Files</Filter>
    </ClCompile>
    <ClCompile Include="StdAfx.cpp">
      <Filter>Source Files</Filter>
    </ClCompile>
    <ClCompile Include="WorldDialogDLL.cpp">
      <Filter>Source Files</Filter>
    </ClCompile>
    <ClCompile Include="FLDefinesToString.cpp">
      <Filter>Header Files</Filter>
    </ClCompile>
  </ItemGroup>
  <ItemGroup>
    <None Include="WorldDialog.def">
      <Filter>Source Files</Filter>
    </None>
  </ItemGroup>
  <ItemGroup>
    <ClInclude Include="FLCStyleParser.h">
      <Filter>Header Files</Filter>
    </ClInclude>
    <ClInclude Include="FLCStyleScript.h">
      <Filter>Header Files</Filter>
    </ClInclude>
    <ClInclude Include="FLDefine.h">
      <Filter>Header Files</Filter>
    </ClInclude>
    <ClInclude Include="FLDefinesToString.h">
      <Filter>Header Files</Filter>
    </ClInclude>
    <ClInclude Include="FunctionsInfo.h">
      <Filter>Header Files</Filter>
    </ClInclude>
    <ClInclude Include="NpcScript.h">
      <Filter>Header Files</Filter>
    </ClInclude>
    <ClInclude Include="StdAfx.h">
      <Filter>Header Files</Filter>
    </ClInclude>
  </ItemGroup>
</Project>